
Microsoft Visual Studio Solution File, Format Version 12.00
# Visual Studio Version 17
VisualStudioVersion = 17.3.32825.248
MinimumVisualStudioVersion = 10.0.40219.1
Project("{8BC9CEB8-8B4A-11D0-8D11-00A0C91BC942}") = "OS03_02", "OS03_02\OS03_02.vcxproj", "{F574F59F-22FC-4A12-9D9C-FC46D3FF17BB}"
EndProject
Project("{8BC9CEB8-8B4A-11D0-8D11-00A0C91BC942}") = "OS03_02_1", "OS03_02_1\OS03_02_1.vcxproj", "{8B98CA14-C05C-4293-A025-94806C678516}"
EndProject
Project("{8BC9CEB8-8B4A-11D0-8D11-00A0C91BC942}") = "OS03_02_2", "OS03_02_2\OS03_02_2.vcxproj", "{9772C956-8CBB-442A-BE98-ED50DDC01BA4}"
EndProject
Global
	GlobalSection(SolutionConfigurationPlatforms) = preSolution
		Debug|x64 = Debug|x64
		Debug|x86 = Debug|x86
		Release|x64 = Release|x64
		Release|x86 = Release|x86
	EndGlobalSection
	GlobalSection(ProjectConfigurationPlatforms) = postSolution
		{F574F59F-22FC-4A12-9D9C-FC46D3FF17BB}.Debug|x64.ActiveCfg = Debug|x64
		{F574F59F-22FC-4A12-9D9C-FC46D3FF17BB}.Debug|x64.Build.0 = Debug|x64
		{F574F59F-22FC-4A12-9D9C-FC46D3FF17BB}.Debug|x86.ActiveCfg = Debug|Win32
		{F574F59F-22FC-4A12-9D9C-FC46D3FF17BB}.Debug|x86.Build.0 = Debug|Win32
		{F574F59F-22FC-4A12-9D9C-FC46D3FF17BB}.Release|x64.ActiveCfg = Release|x64
		{F574F59F-22FC-4A12-9D9C-FC46D3FF17BB}.Release|x64.Build.0 = Release|x64
		{F574F59F-22FC-4A12-9D9C-FC46D3FF17BB}.Release|x86.ActiveCfg = Release|Win32
		{F574F59F-22FC-4A12-9D9C-FC46D3FF17BB}.Release|x86.Build.0 = Release|Win32
		{8B98CA14-C05C-4293-A025-94806C678516}.Debug|x64.ActiveCfg = Debug|x64
		{8B98CA14-C05C-4293-A025-94806C678516}.Debug|x64.Build.0 = Debug|x64
		{8B98CA14-C05C-4293-A025-94806C678516}.Debug|x86.ActiveCfg = Debug|Win32
		{8B98CA14-C05C-4293-A025-94806C678516}.Debug|x86.Build.0 = Debug|Win32
		{8B98CA14-C05C-4293-A025-94806C678516}.Release|x64.ActiveCfg = Release|x64
		{8B98CA14-C05C-4293-A025-94806C678516}.Release|x64.Build.0 = Release|x64
		{8B98CA14-C05C-4293-A025-94806C678516}.Release|x86.ActiveCfg = Release|Win32
		{8B98CA14-C05C-4293-A025-94806C678516}.Release|x86.Build.0 = Release|Win32
		{9772C956-8CBB-442A-BE98-ED50DDC01BA4}.Debug|x64.ActiveCfg = Debug|x64
		{9772C956-8CBB-442A-BE98-ED50DDC01BA4}.Debug|x64.Build.0 = Debug|x64
		{9772C956-8CBB-442A-BE98-ED50DDC01BA4}.Debug|x86.ActiveCfg = Debug|Win32
		{9772C956-8CBB-442A-BE98-ED50DDC01BA4}.Debug|x86.Build.0 = Debug|Win32
		{9772C956-8CBB-442A-BE98-ED50DDC01BA4}.Release|x64.ActiveCfg = Release|x64
		{9772C956-8CBB-442A-BE98-ED50DDC01BA4}.Release|x64.Build.0 = Release|x64
		{9772C956-8CBB-442A-BE98-ED50DDC01BA4}.Release|x86.ActiveCfg = Release|Win32
		{9772C956-8CBB-442A-BE98-ED50DDC01BA4}.Release|x86.Build.0 = Release|Win32
	EndGlobalSection
	GlobalSection(SolutionProperties) = preSolution
		HideSolutionNode = FALSE
	EndGlobalSection
	GlobalSection(ExtensibilityGlobals) = postSolution
		SolutionGuid = {BE545C51-9165-4C88-88F6-594AA3918313}
	EndGlobalSection
EndGlobal
