
Microsoft Visual Studio Solution File, Format Version 12.00
# Visual Studio Version 17
VisualStudioVersion = 17.3.32825.248
MinimumVisualStudioVersion = 10.0.40219.1
Project("{8BC9CEB8-8B4A-11D0-8D11-00A0C91BC942}") = "OS07_04", "OS07_04\OS07_04.vcxproj", "{B488474A-8589-4825-96FD-5BE253ABD9F3}"
EndProject
Project("{8BC9CEB8-8B4A-11D0-8D11-00A0C91BC942}") = "OS07_04X", "OS07_04X\OS07_04X.vcxproj", "{919DC7A2-0DD3-492B-B146-994DCC9997C0}"
EndProject
Global
	GlobalSection(SolutionConfigurationPlatforms) = preSolution
		Debug|x64 = Debug|x64
		Debug|x86 = Debug|x86
		Release|x64 = Release|x64
		Release|x86 = Release|x86
	EndGlobalSection
	GlobalSection(ProjectConfigurationPlatforms) = postSolution
		{B488474A-8589-4825-96FD-5BE253ABD9F3}.Debug|x64.ActiveCfg = Debug|x64
		{B488474A-8589-4825-96FD-5BE253ABD9F3}.Debug|x64.Build.0 = Debug|x64
		{B488474A-8589-4825-96FD-5BE253ABD9F3}.Debug|x86.ActiveCfg = Debug|Win32
		{B488474A-8589-4825-96FD-5BE253ABD9F3}.Debug|x86.Build.0 = Debug|Win32
		{B488474A-8589-4825-96FD-5BE253ABD9F3}.Release|x64.ActiveCfg = Release|x64
		{B488474A-8589-4825-96FD-5BE253ABD9F3}.Release|x64.Build.0 = Release|x64
		{B488474A-8589-4825-96FD-5BE253ABD9F3}.Release|x86.ActiveCfg = Release|Win32
		{B488474A-8589-4825-96FD-5BE253ABD9F3}.Release|x86.Build.0 = Release|Win32
		{919DC7A2-0DD3-492B-B146-994DCC9997C0}.Debug|x64.ActiveCfg = Debug|x64
		{919DC7A2-0DD3-492B-B146-994DCC9997C0}.Debug|x64.Build.0 = Debug|x64
		{919DC7A2-0DD3-492B-B146-994DCC9997C0}.Debug|x86.ActiveCfg = Debug|Win32
		{919DC7A2-0DD3-492B-B146-994DCC9997C0}.Debug|x86.Build.0 = Debug|Win32
		{919DC7A2-0DD3-492B-B146-994DCC9997C0}.Release|x64.ActiveCfg = Release|x64
		{919DC7A2-0DD3-492B-B146-994DCC9997C0}.Release|x64.Build.0 = Release|x64
		{919DC7A2-0DD3-492B-B146-994DCC9997C0}.Release|x86.ActiveCfg = Release|Win32
		{919DC7A2-0DD3-492B-B146-994DCC9997C0}.Release|x86.Build.0 = Release|Win32
	EndGlobalSection
	GlobalSection(SolutionProperties) = preSolution
		HideSolutionNode = FALSE
	EndGlobalSection
	GlobalSection(ExtensibilityGlobals) = postSolution
		SolutionGuid = {1BF12552-3C8B-49D6-8BFD-2054F143E996}
	EndGlobalSection
EndGlobal
